
Microsoft Visual Studio Solution File, Format Version 11.00
# Visual Studio 2010
Project("{FAE04EC0-301F-11D3-BF4B-00C04F79EFBC}") = "Arvato.TestProject.UsrMgmt.DAL", "Arvato.TestProject.UsrMgmt.DAL\Arvato.TestProject.UsrMgmt.DAL.csproj", "{33395F77-B7AC-42E9-8F9E-AE7D930DC753}"
EndProject
Project("{FAE04EC0-301F-11D3-BF4B-00C04F79EFBC}") = "Arvato.TestProject.UsrMgmt.BLL", "Arvato.TestProject.UsrMgmt.BLL\Arvato.TestProject.UsrMgmt.BLL.csproj", "{04D43A45-467E-4D6C-8354-A6811C4C075A}"
EndProject
Project("{FAE04EC0-301F-11D3-BF4B-00C04F79EFBC}") = "Arvato.TestProject.UsrMgmt.Entity", "Arvato.TestProject.UsrMgmt.Entity\Arvato.TestProject.UsrMgmt.Entity.csproj", "{636ABB33-8D91-4558-A014-BBB2357D09D4}"
EndProject
Project("{FAE04EC0-301F-11D3-BF4B-00C04F79EFBC}") = "Arvato.TestProject.UsrMgmt.UI.Web", "Arvato.TestProject.UsrMgmt.UI.Web\Arvato.TestProject.UsrMgmt.UI.Web.csproj", "{5938E00C-2CE5-4669-AF70-488128CE0398}"
EndProject
Project("{FAE04EC0-301F-11D3-BF4B-00C04F79EFBC}") = "Arvato.TestProject.UsrMgmt.UI.Desktop", "Arvato.TestProject.UsrMgmt.UI.Desktop\Arvato.TestProject.UsrMgmt.UI.Desktop.csproj", "{9E475E0B-7F40-4C13-88F3-646791AEABE4}"
EndProject
Project("{2150E333-8FDC-42A3-9474-1A3956D46DE8}") = ".nuget", ".nuget", "{AF0B7ECA-D622-445F-A89C-78DE327D3BA9}"
	ProjectSection(SolutionItems) = preProject
		.nuget\NuGet.Config = .nuget\NuGet.Config
		.nuget\NuGet.exe = .nuget\NuGet.exe
		.nuget\NuGet.targets = .nuget\NuGet.targets
	EndProjectSection
EndProject
Project("{2150E333-8FDC-42A3-9474-1A3956D46DE8}") = "Solution Items", "Solution Items", "{0FA365E8-A0BA-4D92-9B7A-C53AFB94B0EF}"
	ProjectSection(SolutionItems) = preProject
		Arvato.TestProject.vsmdi = Arvato.TestProject.vsmdi
		Local.testsettings = Local.testsettings
		TraceAndTestImpact.testsettings = TraceAndTestImpact.testsettings
	EndProjectSection
EndProject
Project("{FAE04EC0-301F-11D3-BF4B-00C04F79EFBC}") = "Arvato.TestProject.UsrMgmt.DAL.Test", "Arvato.TestProject.UsrMgmt.DAL.Test\Arvato.TestProject.UsrMgmt.DAL.Test.csproj", "{0CA11CB5-98BA-416C-AF64-3D9A930DCB17}"
EndProject
Project("{FAE04EC0-301F-11D3-BF4B-00C04F79EFBC}") = "Arvato.TestProject.UsrMgmt.Services", "Arvato.TestProject.UsrMgmt.Services\Arvato.TestProject.UsrMgmt.Services.csproj", "{806F9FD4-17E3-4349-B27F-6259B2BA5895}"
EndProject
Global
	GlobalSection(TestCaseManagementSettings) = postSolution
		CategoryFile = Arvato.TestProject.vsmdi
	EndGlobalSection
	GlobalSection(SolutionConfigurationPlatforms) = preSolution
		Debug|Any CPU = Debug|Any CPU
		Debug|Mixed Platforms = Debug|Mixed Platforms
		Debug|x86 = Debug|x86
		Release|Any CPU = Release|Any CPU
		Release|Mixed Platforms = Release|Mixed Platforms
		Release|x86 = Release|x86
	EndGlobalSection
	GlobalSection(ProjectConfigurationPlatforms) = postSolution
		{33395F77-B7AC-42E9-8F9E-AE7D930DC753}.Debug|Any CPU.ActiveCfg = Debug|Any CPU
		{33395F77-B7AC-42E9-8F9E-AE7D930DC753}.Debug|Any CPU.Build.0 = Debug|Any CPU
		{33395F77-B7AC-42E9-8F9E-AE7D930DC753}.Debug|Mixed Platforms.ActiveCfg = Debug|Any CPU
		{33395F77-B7AC-42E9-8F9E-AE7D930DC753}.Debug|Mixed Platforms.Build.0 = Debug|Any CPU
		{33395F77-B7AC-42E9-8F9E-AE7D930DC753}.Debug|x86.ActiveCfg = Debug|Any CPU
		{33395F77-B7AC-42E9-8F9E-AE7D930DC753}.Release|Any CPU.ActiveCfg = Release|Any CPU
		{33395F77-B7AC-42E9-8F9E-AE7D930DC753}.Release|Any CPU.Build.0 = Release|Any CPU
		{33395F77-B7AC-42E9-8F9E-AE7D930DC753}.Release|Mixed Platforms.ActiveCfg = Release|Any CPU
		{33395F77-B7AC-42E9-8F9E-AE7D930DC753}.Release|Mixed Platforms.Build.0 = Release|Any CPU
		{33395F77-B7AC-42E9-8F9E-AE7D930DC753}.Release|x86.ActiveCfg = Release|Any CPU
		{04D43A45-467E-4D6C-8354-A6811C4C075A}.Debug|Any CPU.ActiveCfg = Debug|Any CPU
		{04D43A45-467E-4D6C-8354-A6811C4C075A}.Debug|Any CPU.Build.0 = Debug|Any CPU
		{04D43A45-467E-4D6C-8354-A6811C4C075A}.Debug|Mixed Platforms.ActiveCfg = Debug|Any CPU
		{04D43A45-467E-4D6C-8354-A6811C4C075A}.Debug|Mixed Platforms.Build.0 = Debug|Any CPU
		{04D43A45-467E-4D6C-8354-A6811C4C075A}.Debug|x86.ActiveCfg = Debug|Any CPU
		{04D43A45-467E-4D6C-8354-A6811C4C075A}.Release|Any CPU.ActiveCfg = Release|Any CPU
		{04D43A45-467E-4D6C-8354-A6811C4C075A}.Release|Any CPU.Build.0 = Release|Any CPU
		{04D43A45-467E-4D6C-8354-A6811C4C075A}.Release|Mixed Platforms.ActiveCfg = Release|Any CPU
		{04D43A45-467E-4D6C-8354-A6811C4C075A}.Release|Mixed Platforms.Build.0 = Release|Any CPU
		{04D43A45-467E-4D6C-8354-A6811C4C075A}.Release|x86.ActiveCfg = Release|Any CPU
		{636ABB33-8D91-4558-A014-BBB2357D09D4}.Debug|Any CPU.ActiveCfg = Debug|Any CPU
		{636ABB33-8D91-4558-A014-BBB2357D09D4}.Debug|Any CPU.Build.0 = Debug|Any CPU
		{636ABB33-8D91-4558-A014-BBB2357D09D4}.Debug|Mixed Platforms.ActiveCfg = Debug|Any CPU
		{636ABB33-8D91-4558-A014-BBB2357D09D4}.Debug|Mixed Platforms.Build.0 = Debug|Any CPU
		{636ABB33-8D91-4558-A014-BBB2357D09D4}.Debug|x86.ActiveCfg = Debug|Any CPU
		{636ABB33-8D91-4558-A014-BBB2357D09D4}.Release|Any CPU.ActiveCfg = Release|Any CPU
		{636ABB33-8D91-4558-A014-BBB2357D09D4}.Release|Any CPU.Build.0 = Release|Any CPU
		{636ABB33-8D91-4558-A014-BBB2357D09D4}.Release|Mixed Platforms.ActiveCfg = Release|Any CPU
		{636ABB33-8D91-4558-A014-BBB2357D09D4}.Release|Mixed Platforms.Build.0 = Release|Any CPU
		{636ABB33-8D91-4558-A014-BBB2357D09D4}.Release|x86.ActiveCfg = Release|Any CPU
		{5938E00C-2CE5-4669-AF70-488128CE0398}.Debug|Any CPU.ActiveCfg = Debug|Any CPU
		{5938E00C-2CE5-4669-AF70-488128CE0398}.Debug|Any CPU.Build.0 = Debug|Any CPU
		{5938E00C-2CE5-4669-AF70-488128CE0398}.Debug|Mixed Platforms.ActiveCfg = Debug|Any CPU
		{5938E00C-2CE5-4669-AF70-488128CE0398}.Debug|Mixed Platforms.Build.0 = Debug|Any CPU
		{5938E00C-2CE5-4669-AF70-488128CE0398}.Debug|x86.ActiveCfg = Debug|Any CPU
		{5938E00C-2CE5-4669-AF70-488128CE0398}.Release|Any CPU.ActiveCfg = Release|Any CPU
		{5938E00C-2CE5-4669-AF70-488128CE0398}.Release|Any CPU.Build.0 = Release|Any CPU
		{5938E00C-2CE5-4669-AF70-488128CE0398}.Release|Mixed Platforms.ActiveCfg = Release|Any CPU
		{5938E00C-2CE5-4669-AF70-488128CE0398}.Release|Mixed Platforms.Build.0 = Release|Any CPU
		{5938E00C-2CE5-4669-AF70-488128CE0398}.Release|x86.ActiveCfg = Release|Any CPU
		{9E475E0B-7F40-4C13-88F3-646791AEABE4}.Debug|Any CPU.ActiveCfg = Debug|x86
		{9E475E0B-7F40-4C13-88F3-646791AEABE4}.Debug|Any CPU.Build.0 = Debug|x86
		{9E475E0B-7F40-4C13-88F3-646791AEABE4}.Debug|Mixed Platforms.ActiveCfg = Debug|x86
		{9E475E0B-7F40-4C13-88F3-646791AEABE4}.Debug|Mixed Platforms.Build.0 = Debug|x86
		{9E475E0B-7F40-4C13-88F3-646791AEABE4}.Debug|x86.ActiveCfg = Debug|x86
		{9E475E0B-7F40-4C13-88F3-646791AEABE4}.Debug|x86.Build.0 = Debug|x86
		{9E475E0B-7F40-4C13-88F3-646791AEABE4}.Release|Any CPU.ActiveCfg = Release|x86
		{9E475E0B-7F40-4C13-88F3-646791AEABE4}.Release|Mixed Platforms.ActiveCfg = Release|x86
		{9E475E0B-7F40-4C13-88F3-646791AEABE4}.Release|Mixed Platforms.Build.0 = Release|x86
		{9E475E0B-7F40-4C13-88F3-646791AEABE4}.Release|x86.ActiveCfg = Release|x86
		{9E475E0B-7F40-4C13-88F3-646791AEABE4}.Release|x86.Build.0 = Release|x86
		{0CA11CB5-98BA-416C-AF64-3D9A930DCB17}.Debug|Any CPU.ActiveCfg = Debug|Any CPU
		{0CA11CB5-98BA-416C-AF64-3D9A930DCB17}.Debug|Any CPU.Build.0 = Debug|Any CPU
		{0CA11CB5-98BA-416C-AF64-3D9A930DCB17}.Debug|Mixed Platforms.ActiveCfg = Debug|Any CPU
		{0CA11CB5-98BA-416C-AF64-3D9A930DCB17}.Debug|Mixed Platforms.Build.0 = Debug|Any CPU
		{0CA11CB5-98BA-416C-AF64-3D9A930DCB17}.Debug|x86.ActiveCfg = Debug|Any CPU
		{0CA11CB5-98BA-416C-AF64-3D9A930DCB17}.Release|Any CPU.ActiveCfg = Release|Any CPU
		{0CA11CB5-98BA-416C-AF64-3D9A930DCB17}.Release|Any CPU.Build.0 = Release|Any CPU
		{0CA11CB5-98BA-416C-AF64-3D9A930DCB17}.Release|Mixed Platforms.ActiveCfg = Release|Any CPU
		{0CA11CB5-98BA-416C-AF64-3D9A930DCB17}.Release|Mixed Platforms.Build.0 = Release|Any CPU
		{0CA11CB5-98BA-416C-AF64-3D9A930DCB17}.Release|x86.ActiveCfg = Release|Any CPU
		{806F9FD4-17E3-4349-B27F-6259B2BA5895}.Debug|Any CPU.ActiveCfg = Debug|Any CPU
		{806F9FD4-17E3-4349-B27F-6259B2BA5895}.Debug|Any CPU.Build.0 = Debug|Any CPU
		{806F9FD4-17E3-4349-B27F-6259B2BA5895}.Debug|Mixed Platforms.ActiveCfg = Debug|Any CPU
		{806F9FD4-17E3-4349-B27F-6259B2BA5895}.Debug|Mixed Platforms.Build.0 = Debug|Any CPU
		{806F9FD4-17E3-4349-B27F-6259B2BA5895}.Debug|x86.ActiveCfg = Debug|Any CPU
		{806F9FD4-17E3-4349-B27F-6259B2BA5895}.Release|Any CPU.ActiveCfg = Release|Any CPU
		{806F9FD4-17E3-4349-B27F-6259B2BA5895}.Release|Any CPU.Build.0 = Release|Any CPU
		{806F9FD4-17E3-4349-B27F-6259B2BA5895}.Release|Mixed Platforms.ActiveCfg = Release|Any CPU
		{806F9FD4-17E3-4349-B27F-6259B2BA5895}.Release|Mixed Platforms.Build.0 = Release|Any CPU
		{806F9FD4-17E3-4349-B27F-6259B2BA5895}.Release|x86.ActiveCfg = Release|Any CPU
	EndGlobalSection
	GlobalSection(SolutionProperties) = preSolution
		HideSolutionNode = FALSE
	EndGlobalSection
EndGlobal
